// !$*UTF8*$!
{
	archiveVersion = 1;
	classes = {
	};
	objectVersion = 46;
	objects = {

/* Begin PBXBuildFile section */
		1866E9111ECD43DB00526187 /* AppDelegate.swift in Sources */ = {isa = PBXBuildFile; fileRef = 1866E9101ECD43DB00526187 /* AppDelegate.swift */; };
		1866E9131ECD43DB00526187 /* PostViewController.swift in Sources */ = {isa = PBXBuildFile; fileRef = 1866E9121ECD43DB00526187 /* PostViewController.swift */; };
		1866E9161ECD43DB00526187 /* Main.storyboard in Resources */ = {isa = PBXBuildFile; fileRef = 1866E9141ECD43DB00526187 /* Main.storyboard */; };
		1866E9181ECD43DB00526187 /* Assets.xcassets in Resources */ = {isa = PBXBuildFile; fileRef = 1866E9171ECD43DB00526187 /* Assets.xcassets */; };
		1866E91B1ECD43DB00526187 /* LaunchScreen.storyboard in Resources */ = {isa = PBXBuildFile; fileRef = 1866E9191ECD43DB00526187 /* LaunchScreen.storyboard */; };
		1866E9231ECD4B6B00526187 /* PostCell.swift in Sources */ = {isa = PBXBuildFile; fileRef = 1866E9221ECD4B6B00526187 /* PostCell.swift */; };
		1866E9251ECD4D9300526187 /* PostItem.swift in Sources */ = {isa = PBXBuildFile; fileRef = 1866E9241ECD4D9300526187 /* PostItem.swift */; };
		1866E9271ECDF47700526187 /* SouthernFoodViewController.swift in Sources */ = {isa = PBXBuildFile; fileRef = 1866E9261ECDF47700526187 /* SouthernFoodViewController.swift */; };
		1866E9291ECE509B00526187 /* CheckOutViewController.swift in Sources */ = {isa = PBXBuildFile; fileRef = 1866E9281ECE509B00526187 /* CheckOutViewController.swift */; };
/* End PBXBuildFile section */

/* Begin PBXFileReference section */
		1866E90D1ECD43DB00526187 /* CaterMe.app */ = {isa = PBXFileReference; explicitFileType = wrapper.application; includeInIndex = 0; path = CaterMe.app; sourceTree = BUILT_PRODUCTS_DIR; };
		1866E9101ECD43DB00526187 /* AppDelegate.swift */ = {isa = PBXFileReference; lastKnownFileType = sourcecode.swift; path = AppDelegate.swift; sourceTree = "<group>"; };
		1866E9121ECD43DB00526187 /* PostViewController.swift */ = {isa = PBXFileReference; lastKnownFileType = sourcecode.swift; path = PostViewController.swift; sourceTree = "<group>"; };
		1866E9151ECD43DB00526187 /* Base */ = {isa = PBXFileReference; lastKnownFileType = file.storyboard; name = Base; path = Base.lproj/Main.storyboard; sourceTree = "<group>"; };
		1866E9171ECD43DB00526187 /* Assets.xcassets */ = {isa = PBXFileReference; lastKnownFileType = folder.assetcatalog; path = Assets.xcassets; sourceTree = "<group>"; };
		1866E91A1ECD43DB00526187 /* Base */ = {isa = PBXFileReference; lastKnownFileType = file.storyboard; name = Base; path = Base.lproj/LaunchScreen.storyboard; sourceTree = "<group>"; };
		1866E91C1ECD43DB00526187 /* Info.plist */ = {isa = PBXFileReference; lastKnownFileType = text.plist.xml; path = Info.plist; sourceTree = "<group>"; };
		1866E9221ECD4B6B00526187 /* PostCell.swift */ = {isa = PBXFileReference; fileEncoding = 4; lastKnownFileType = sourcecode.swift; path = PostCell.swift; sourceTree = "<group>"; };
		1866E9241ECD4D9300526187 /* PostItem.swift */ = {isa = PBXFileReference; fileEncoding = 4; lastKnownFileType = sourcecode.swift; path = PostItem.swift; sourceTree = "<group>"; };
		1866E9261ECDF47700526187 /* SouthernFoodViewController.swift */ = {isa = PBXFileReference; fileEncoding = 4; lastKnownFileType = sourcecode.swift; path = SouthernFoodViewController.swift; sourceTree = "<group>"; };
		1866E9281ECE509B00526187 /* CheckOutViewController.swift */ = {isa = PBXFileReference; fileEncoding = 4; lastKnownFileType = sourcecode.swift; path = CheckOutViewController.swift; sourceTree = "<group>"; };
/* End PBXFileReference section */

/* Begin PBXFrameworksBuildPhase section */
		1866E90A1ECD43DB00526187 /* Frameworks */ = {
			isa = PBXFrameworksBuildPhase;
			buildActionMask = 2147483647;
			files = (
			);
			runOnlyForDeploymentPostprocessing = 0;
		};
/* End PBXFrameworksBuildPhase section */

/* Begin PBXGroup section */
		1866E9041ECD43DB00526187 = {
			isa = PBXGroup;
			children = (
				1866E90F1ECD43DB00526187 /* CaterMe */,
				1866E90E1ECD43DB00526187 /* Products */,
			);
			sourceTree = "<group>";
		};
		1866E90E1ECD43DB00526187 /* Products */ = {
			isa = PBXGroup;
			children = (
				1866E90D1ECD43DB00526187 /* CaterMe.app */,
			);
			name = Products;
			sourceTree = "<group>";
		};
		1866E90F1ECD43DB00526187 /* CaterMe */ = {
			isa = PBXGroup;
			children = (
				1866E9101ECD43DB00526187 /* AppDelegate.swift */,
				1866E9121ECD43DB00526187 /* PostViewController.swift */,
				1866E9141ECD43DB00526187 /* Main.storyboard */,
				1866E9171ECD43DB00526187 /* Assets.xcassets */,
				1866E9191ECD43DB00526187 /* LaunchScreen.storyboard */,
				1866E91C1ECD43DB00526187 /* Info.plist */,
				1866E9221ECD4B6B00526187 /* PostCell.swift */,
				1866E9241ECD4D9300526187 /* PostItem.swift */,
				1866E9261ECDF47700526187 /* SouthernFoodViewController.swift */,
				1866E9281ECE509B00526187 /* CheckOutViewController.swift */,
			);
			path = CaterMe;
			sourceTree = "<group>";
		};
/* End PBXGroup section */

/* Begin PBXNativeTarget section */
		1866E90C1ECD43DB00526187 /* CaterMe */ = {
			isa = PBXNativeTarget;
			buildConfigurationList = 1866E91F1ECD43DB00526187 /* Build configuration list for PBXNativeTarget "CaterMe" */;
			buildPhases = (
				1866E9091ECD43DB00526187 /* Sources */,
				1866E90A1ECD43DB00526187 /* Frameworks */,
				1866E90B1ECD43DB00526187 /* Resources */,
			);
			buildRules = (
			);
			dependencies = (
			);
			name = CaterMe;
			productName = CaterMe;
			productReference = 1866E90D1ECD43DB00526187 /* CaterMe.app */;
			productType = "com.apple.product-type.application";
		};
/* End PBXNativeTarget section */

/* Begin PBXProject section */
		1866E9051ECD43DB00526187 /* Project object */ = {
			isa = PBXProject;
			attributes = {
				LastSwiftUpdateCheck = 0830;
				LastUpgradeCheck = 0830;
				ORGANIZATIONNAME = CaterMe;
				TargetAttributes = {
					1866E90C1ECD43DB00526187 = {
						CreatedOnToolsVersion = 8.3.2;
						DevelopmentTeam = GJGX5U53PF;
						ProvisioningStyle = Automatic;
					};
				};
			};
			buildConfigurationList = 1866E9081ECD43DB00526187 /* Build configuration list for PBXProject "CaterMe" */;
			compatibilityVersion = "Xcode 3.2";
			developmentRegion = English;
			hasScannedForEncodings = 0;
			knownRegions = (
				en,
				Base,
			);
			mainGroup = 1866E9041ECD43DB00526187;
			productRefGroup = 1866E90E1ECD43DB00526187 /* Products */;
			projectDirPath = "";
			projectRoot = "";
			targets = (
				1866E90C1ECD43DB00526187 /* CaterMe */,
			);
		};
/* End PBXProject section */

/* Begin PBXResourcesBuildPhase section */
		1866E90B1ECD43DB00526187 /* Resources */ = {
			isa = PBXResourcesBuildPhase;
			buildActionMask = 2147483647;
			files = (
				1866E91B1ECD43DB00526187 /* LaunchScreen.storyboard in Resources */,
				1866E9181ECD43DB00526187 /* Assets.xcassets in Resources */,
				1866E9161ECD43DB00526187 /* Main.storyboard in Resources */,
			);
			runOnlyForDeploymentPostprocessing = 0;
		};
/* End PBXResourcesBuildPhase section */

/* Begin PBXSourcesBuildPhase section */
		1866E9091ECD43DB00526187 /* Sources */ = {
			isa = PBXSourcesBuildPhase;
			buildActionMask = 2147483647;
			files = (
				1866E9291ECE509B00526187 /* CheckOutViewController.swift in Sources */,
				1866E9131ECD43DB00526187 /* PostViewController.swift in Sources */,
				1866E9111ECD43DB00526187 /* AppDelegate.swift in Sources */,
				1866E9251ECD4D9300526187 /* PostItem.swift in Sources */,
				1866E9271ECDF47700526187 /* SouthernFoodViewController.swift in Sources */,
				1866E9231ECD4B6B00526187 /* PostCell.swift in Sources */,
			);
			runOnlyForDeploymentPostprocessing = 0;
		};
/* End PBXSourcesBuildPhase section */

/* Begin PBXVariantGroup section */
		1866E9141ECD43DB00526187 /* Main.storyboard */ = {
			isa = PBXVariantGroup;
			children = (
				1866E9151ECD43DB00526187 /* Base */,
			);
			name = Main.storyboard;
			sourceTree = "<group>";
		};
		1866E9191ECD43DB00526187 /* LaunchScreen.storyboard */ = {
			isa = PBXVariantGroup;
			children = (
				1866E91A1ECD43DB00526187 /* Base */,
			);
			name = LaunchScreen.storyboard;
			sourceTree = "<group>";
		};
/* End PBXVariantGroup section */

/* Begin XCBuildConfiguration section */
		1866E91D1ECD43DB00526187 /* Debug */ = {
			isa = XCBuildConfiguration;
			buildSettings = {
				ALWAYS_SEARCH_USER_PATHS = NO;
				CLANG_ANALYZER_NONNULL = YES;
				CLANG_ANALYZER_NUMBER_OBJECT_CONVERSION = YES_AGGRESSIVE;
				CLANG_CXX_LANGUAGE_STANDARD = "gnu++0x";
				CLANG_CXX_LIBRARY = "libc++";
				CLANG_ENABLE_MODULES = YES;
				CLANG_ENABLE_OBJC_ARC = YES;
				CLANG_WARN_BOOL_CONVERSION = YES;
				CLANG_WARN_CONSTANT_CONVERSION = YES;
				CLANG_WARN_DIRECT_OBJC_ISA_USAGE = YES_ERROR;
				CLANG_WARN_DOCUMENTATION_COMMENTS = YES;
				CLANG_WARN_EMPTY_BODY = YES;
				CLANG_WARN_ENUM_CONVERSION = YES;
				CLANG_WARN_INFINITE_RECURSION = YES;
				CLANG_WARN_INT_CONVERSION = YES;
				CLANG_WARN_OBJC_ROOT_CLASS = YES_ERROR;
				CLANG_WARN_SUSPICIOUS_MOVE = YES;
				CLANG_WARN_UNREACHABLE_CODE = YES;
				CLANG_WARN__DUPLICATE_METHOD_MATCH = YES;
				"CODE_SIGN_IDENTITY[sdk=iphoneos*]" = "iPhone Developer";
				COPY_PHASE_STRIP = NO;
				DEBUG_INFORMATION_FORMAT = dwarf;
				ENABLE_STRICT_OBJC_MSGSEND = YES;
				ENABLE_TESTABILITY = YES;
				GCC_C_LANGUAGE_STANDARD = gnu99;
				GCC_DYNAMIC_NO_PIC = NO;
				GCC_NO_COMMON_BLOCKS = YES;
				GCC_OPTIMIZATION_LEVEL = 0;
				GCC_PREPROCESSOR_DEFINITIONS = (
					"DEBUG=1",
					"$(inherited)",
				);
				GCC_WARN_64_TO_32_BIT_CONVERSION = YES;
				GCC_WARN_ABOUT_RETURN_TYPE = YES_ERROR;
				GCC_WARN_UNDECLARED_SELECTOR = YES;
				GCC_WARN_UNINITIALIZED_AUTOS = YES_AGGRESSIVE;
				GCC_WARN_UNUSED_FUNCTION = YES;
				GCC_WARN_UNUSED_VARIABLE = YES;
				IPHONEOS_DEPLOYMENT_TARGET = 10.3;
				MTL_ENABLE_DEBUG_INFO = YES;
				ONLY_ACTIVE_ARCH = YES;
				SDKROOT = iphoneos;
				SWIFT_ACTIVE_COMPILATION_CONDITIONS = DEBUG;
				SWIFT_OPTIMIZATION_LEVEL = "-Onone";
			};
			name = Debug;
		};
		1866E91E1ECD43DB00526187 /* Release */ = {
			isa = XCBuildConfiguration;
			buildSettings = {
				ALWAYS_SEARCH_USER_PATHS = NO;
				CLANG_ANALYZER_NONNULL = YES;
				CLANG_ANALYZER_NUMBER_OBJECT_CONVERSION = YES_AGGRESSIVE;
				CLANG_CXX_LANGUAGE_STANDARD = "gnu++0x";
				CLANG_CXX_LIBRARY = "libc++";
				CLANG_ENABLE_MODULES = YES;
				CLANG_ENABLE_OBJC_ARC = YES;
				CLANG_WARN_BOOL_CONVERSION = YES;
				CLANG_WARN_CONSTANT_CONVERSION = YES;
				CLANG_WARN_DIRECT_OBJC_ISA_USAGE = YES_ERROR;
				CLANG_WARN_DOCUMENTATION_COMMENTS = YES;
				CLANG_WARN_EMPTY_BODY = YES;
				CLANG_WARN_ENUM_CONVERSION = YES;
				CLANG_WARN_INFINITE_RECURSION = YES;
				CLANG_WARN_INT_CONVERSION = YES;
				CLANG_WARN_OBJC_ROOT_CLASS = YES_ERROR;
				CLANG_WARN_SUSPICIOUS_MOVE = YES;
				CLANG_WARN_UNREACHABLE_CODE = YES;
				CLANG_WARN__DUPLICATE_METHOD_MATCH = YES;
				"CODE_SIGN_IDENTITY[sdk=iphoneos*]" = "iPhone Developer";
				COPY_PHASE_STRIP = NO;
				DEBUG_INFORMATION_FORMAT = "dwarf-with-dsym";
				ENABLE_NS_ASSERTIONS = NO;
				ENABLE_STRICT_OBJC_MSGSEND = YES;
				GCC_C_LANGUAGE_STANDARD = gnu99;
				GCC_NO_COMMON_BLOCKS = YES;
				GCC_WARN_64_TO_32_BIT_CONVERSION = YES;
				GCC_WARN_ABOUT_RETURN_TYPE = YES_ERROR;
				GCC_WARN_UNDECLARED_SELECTOR = YES;
				GCC_WARN_UNINITIALIZED_AUTOS = YES_AGGRESSIVE;
				GCC_WARN_UNUSED_FUNCTION = YES;
				GCC_WARN_UNUSED_VARIABLE = YES;
				IPHONEOS_DEPLOYMENT_TARGET = 10.3;
				MTL_ENABLE_DEBUG_INFO = NO;
				SDKROOT = iphoneos;
				SWIFT_OPTIMIZATION_LEVEL = "-Owholemodule";
				VALIDATE_PRODUCT = YES;
			};
			name = Release;
		};
		1866E9201ECD43DB00526187 /* Debug */ = {
			isa = XCBuildConfiguration;
			buildSettings = {
				ASSETCATALOG_COMPILER_APPICON_NAME = AppIcon;
				DEVELOPMENT_TEAM = GJGX5U53PF;
				INFOPLIST_FILE = CaterMe/Info.plist;
				LD_RUNPATH_SEARCH_PATHS = "$(inherited) @executable_path/Frameworks";
				PRODUCT_BUNDLE_IDENTIFIER = com.caterme.CaterMe;
				PRODUCT_NAME = "$(TARGET_NAME)";
				SWIFT_VERSION = 3.0;
			};
			name = Debug;
		};
		1866E9211ECD43DB00526187 /* Release */ = {
			isa = XCBuildConfiguration;
			buildSettings = {
				ASSETCATALOG_COMPILER_APPICON_NAME = AppIcon;
				DEVELOPMENT_TEAM = GJGX5U53PF;
				INFOPLIST_FILE = CaterMe/Info.plist;
				LD_RUNPATH_SEARCH_PATHS = "$(inherited) @executable_path/Frameworks";
				PRODUCT_BUNDLE_IDENTIFIER = com.caterme.CaterMe;
				PRODUCT_NAME = "$(TARGET_NAME)";
				SWIFT_VERSION = 3.0;
			};
			name = Release;
		};
/* End XCBuildConfiguration section */

/* Begin XCConfigurationList section */
		1866E9081ECD43DB00526187 /* Build configuration list for PBXProject "CaterMe" */ = {
			isa = XCConfigurationList;
			buildConfigurations = (
				1866E91D1ECD43DB00526187 /* Debug */,
				1866E91E1ECD43DB00526187 /* Release */,
			);
			defaultConfigurationIsVisible = 0;
			defaultConfigurationName = Release;
		};
		1866E91F1ECD43DB00526187 /* Build configuration list for PBXNativeTarget "CaterMe" */ = {
			isa = XCConfigurationList;
			buildConfigurations = (
				1866E9201ECD43DB00526187 /* Debug */,
				1866E9211ECD43DB00526187 /* Release */,
			);
			defaultConfigurationIsVisible = 0;
		};
/* End XCConfigurationList section */
	};
	rootObject = 1866E9051ECD43DB00526187 /* Project object */;
}
